
Microsoft Visual Studio Solution File, Format Version 12.00
# Visual Studio Version 17
VisualStudioVersion = 17.4.33110.190
MinimumVisualStudioVersion = 10.0.40219.1
Project("{9A19103F-16F7-4668-BE54-9A1E7A4F7556}") = "Day1", "Day1\Day1.csproj", "{9ADAFEDC-5844-4CB4-B6CA-F8CB36F45FF7}"
EndProject
Project("{9A19103F-16F7-4668-BE54-9A1E7A4F7556}") = "Day2", "Day2\Day2.csproj", "{3527321F-A36A-4A55-BC6C-A41751777429}"
EndProject
Project("{FAE04EC0-301F-11D3-BF4B-00C04F79EFBC}") = "Day3", "Day3\Day3.csproj", "{B2070BAB-DFAC-411D-BCDE-AE859DB8382B}"
EndProject
Global
	GlobalSection(SolutionConfigurationPlatforms) = preSolution
		Debug|Any CPU = Debug|Any CPU
		Release|Any CPU = Release|Any CPU
	EndGlobalSection
	GlobalSection(ProjectConfigurationPlatforms) = postSolution
		{9ADAFEDC-5844-4CB4-B6CA-F8CB36F45FF7}.Debug|Any CPU.ActiveCfg = Debug|Any CPU
		{9ADAFEDC-5844-4CB4-B6CA-F8CB36F45FF7}.Debug|Any CPU.Build.0 = Debug|Any CPU
		{9ADAFEDC-5844-4CB4-B6CA-F8CB36F45FF7}.Release|Any CPU.ActiveCfg = Release|Any CPU
		{9ADAFEDC-5844-4CB4-B6CA-F8CB36F45FF7}.Release|Any CPU.Build.0 = Release|Any CPU
		{3527321F-A36A-4A55-BC6C-A41751777429}.Debug|Any CPU.ActiveCfg = Debug|Any CPU
		{3527321F-A36A-4A55-BC6C-A41751777429}.Debug|Any CPU.Build.0 = Debug|Any CPU
		{3527321F-A36A-4A55-BC6C-A41751777429}.Release|Any CPU.ActiveCfg = Release|Any CPU
		{3527321F-A36A-4A55-BC6C-A41751777429}.Release|Any CPU.Build.0 = Release|Any CPU
		{B2070BAB-DFAC-411D-BCDE-AE859DB8382B}.Debug|Any CPU.ActiveCfg = Debug|Any CPU
		{B2070BAB-DFAC-411D-BCDE-AE859DB8382B}.Debug|Any CPU.Build.0 = Debug|Any CPU
		{B2070BAB-DFAC-411D-BCDE-AE859DB8382B}.Release|Any CPU.ActiveCfg = Release|Any CPU
		{B2070BAB-DFAC-411D-BCDE-AE859DB8382B}.Release|Any CPU.Build.0 = Release|Any CPU
	EndGlobalSection
	GlobalSection(SolutionProperties) = preSolution
		HideSolutionNode = FALSE
	EndGlobalSection
	GlobalSection(ExtensibilityGlobals) = postSolution
		SolutionGuid = {326D1AD7-96F1-4ED7-8507-358F63C21F61}
	EndGlobalSection
EndGlobal
